lockfileVersion: '6.0'

settings:
  autoInstallPeers: true
  excludeLinksFromLockfile: false

dependencies:
  react:
    specifier: ^18.2.0
    version: nexus3.bilibili.co/react@18.2.0
  react-router-dom:
    specifier: ^6.22.1
    version: nexus3.bilibili.co/react-router-dom@6.22.1(react-dom@18.2.0)(react@18.2.0)
  vue:
    specifier: ^3.4.19
    version: nexus3.bilibili.co/vue@3.4.19

packages:

  nexus3.bilibili.co/@babel/helper-string-parser@7.23.4:
    resolution: {integrity: sha512-803gmbQdqwdf4olxrX4AJyFBV/RTr3rSmOj0rKwesmzlfhYNDEs+/iOcznzpNWlJlIlTJC2QfPFcHB6DlzdVLQ==, registry: http://registry.npm.bilibili.co/, tarball: https://nexus3.bilibili.co/repository/npm-public/@babel/helper-string-parser/-/helper-string-parser-7.23.4.tgz}
    name: '@babel/helper-string-parser'
    version: 7.23.4
    engines: {node: '>=6.9.0'}
    dev: false

  nexus3.bilibili.co/@babel/helper-validator-identifier@7.22.20:
    resolution: {integrity: sha512-Y4OZ+ytlatR8AI+8KZfKuL5urKp7qey08ha31L8b3BwewJAoJamTzyvxPR/5D+KkdJCGPq/+8TukHBlY10FX9A==, registry: http://registry.npm.bilibili.co/, tarball: https://nexus3.bilibili.co/repository/npm-public/@babel/helper-validator-identifier/-/helper-validator-identifier-7.22.20.tgz}
    name: '@babel/helper-validator-identifier'
    version: 7.22.20
    engines: {node: '>=6.9.0'}
    dev: false

  nexus3.bilibili.co/@babel/parser@7.23.9:
    resolution: {integrity: sha512-9tcKgqKbs3xGJ+NtKF2ndOBBLVwPjl1SHxPQkd36r3Dlirw3xWUeGaTbqr7uGZcTaxkVNwc+03SVP7aCdWrTlA==, registry: http://registry.npm.bilibili.co/, tarball: https://nexus3.bilibili.co/repository/npm-public/@babel/parser/-/parser-7.23.9.tgz}
    name: '@babel/parser'
    version: 7.23.9
    engines: {node: '>=6.0.0'}
    hasBin: true
    dependencies:
      '@babel/types': nexus3.bilibili.co/@babel/types@7.23.9
    dev: false

  nexus3.bilibili.co/@babel/types@7.23.9:
    resolution: {integrity: sha512-dQjSq/7HaSjRM43FFGnv5keM2HsxpmyV1PfaSVm0nzzjwwTmjOe6J4bC8e3+pTEIgHaHj+1ZlLThRJ2auc/w1Q==, registry: http://registry.npm.bilibili.co/, tarball: https://nexus3.bilibili.co/repository/npm-public/@babel/types/-/types-7.23.9.tgz}
    name: '@babel/types'
    version: 7.23.9
    engines: {node: '>=6.9.0'}
    dependencies:
      '@babel/helper-string-parser': nexus3.bilibili.co/@babel/helper-string-parser@7.23.4
      '@babel/helper-validator-identifier': nexus3.bilibili.co/@babel/helper-validator-identifier@7.22.20
      to-fast-properties: nexus3.bilibili.co/to-fast-properties@2.0.0
    dev: false

  nexus3.bilibili.co/@jridgewell/sourcemap-codec@1.4.15:
    resolution: {integrity: sha512-eF2rxCRulEKXHTRiDrDy6erMYWqNw4LPdQ8UQA4huuxaQsVeRPFl2oM8oDGxMFhJUWZf9McpLtJasDDZb/Bpeg==, registry: http://registry.npm.bilibili.co/, tarball: https://nexus3.bilibili.co/repository/npm-public/@jridgewell/sourcemap-codec/-/sourcemap-codec-1.4.15.tgz}
    name: '@jridgewell/sourcemap-codec'
    version: 1.4.15
    dev: false

  nexus3.bilibili.co/@remix-run/router@1.15.1:
    resolution: {integrity: sha512-zcU0gM3z+3iqj8UX45AmWY810l3oUmXM7uH4dt5xtzvMhRtYVhKGOmgOd1877dOPPepfCjUv57w+syamWIYe7w==, registry: http://registry.npm.bilibili.co/, tarball: https://nexus3.bilibili.co/repository/npm-public/@remix-run/router/-/router-1.15.1.tgz}
    name: '@remix-run/router'
    version: 1.15.1
    engines: {node: '>=14.0.0'}
    dev: false

  nexus3.bilibili.co/@vue/compiler-core@3.4.19:
    resolution: {integrity: sha512-gj81785z0JNzRcU0Mq98E56e4ltO1yf8k5PQ+tV/7YHnbZkrM0fyFyuttnN8ngJZjbpofWE/m4qjKBiLl8Ju4w==, registry: http://registry.npm.bilibili.co/, tarball: https://nexus3.bilibili.co/repository/npm-public/@vue/compiler-core/-/compiler-core-3.4.19.tgz}
    name: '@vue/compiler-core'
    version: 3.4.19
    dependencies:
      '@babel/parser': nexus3.bilibili.co/@babel/parser@7.23.9
      '@vue/shared': nexus3.bilibili.co/@vue/shared@3.4.19
      entities: nexus3.bilibili.co/entities@4.5.0
      estree-walker: nexus3.bilibili.co/estree-walker@2.0.2
      source-map-js: nexus3.bilibili.co/source-map-js@1.0.2
    dev: false

  nexus3.bilibili.co/@vue/compiler-dom@3.4.19:
    resolution: {integrity: sha512-vm6+cogWrshjqEHTzIDCp72DKtea8Ry/QVpQRYoyTIg9k7QZDX6D8+HGURjtmatfgM8xgCFtJJaOlCaRYRK3QA==, registry: http://registry.npm.bilibili.co/, tarball: https://nexus3.bilibili.co/repository/npm-public/@vue/compiler-dom/-/compiler-dom-3.4.19.tgz}
    name: '@vue/compiler-dom'
    version: 3.4.19
    dependencies:
      '@vue/compiler-core': nexus3.bilibili.co/@vue/compiler-core@3.4.19
      '@vue/shared': nexus3.bilibili.co/@vue/shared@3.4.19
    dev: false

  nexus3.bilibili.co/@vue/compiler-sfc@3.4.19:
    resolution: {integrity: sha512-LQ3U4SN0DlvV0xhr1lUsgLCYlwQfUfetyPxkKYu7dkfvx7g3ojrGAkw0AERLOKYXuAGnqFsEuytkdcComei3Yg==, registry: http://registry.npm.bilibili.co/, tarball: https://nexus3.bilibili.co/repository/npm-public/@vue/compiler-sfc/-/compiler-sfc-3.4.19.tgz}
    name: '@vue/compiler-sfc'
    version: 3.4.19
    dependencies:
      '@babel/parser': nexus3.bilibili.co/@babel/parser@7.23.9
      '@vue/compiler-core': nexus3.bilibili.co/@vue/compiler-core@3.4.19
      '@vue/compiler-dom': nexus3.bilibili.co/@vue/compiler-dom@3.4.19
      '@vue/compiler-ssr': nexus3.bilibili.co/@vue/compiler-ssr@3.4.19
      '@vue/shared': nexus3.bilibili.co/@vue/shared@3.4.19
      estree-walker: nexus3.bilibili.co/estree-walker@2.0.2
      magic-string: nexus3.bilibili.co/magic-string@0.30.7
      postcss: nexus3.bilibili.co/postcss@8.4.35
      source-map-js: nexus3.bilibili.co/source-map-js@1.0.2
    dev: false

  nexus3.bilibili.co/@vue/compiler-ssr@3.4.19:
    resolution: {integrity: sha512-P0PLKC4+u4OMJ8sinba/5Z/iDT84uMRRlrWzadgLA69opCpI1gG4N55qDSC+dedwq2fJtzmGald05LWR5TFfLw==, registry: http://registry.npm.bilibili.co/, tarball: https://nexus3.bilibili.co/repository/npm-public/@vue/compiler-ssr/-/compiler-ssr-3.4.19.tgz}
    name: '@vue/compiler-ssr'
    version: 3.4.19
    dependencies:
      '@vue/compiler-dom': nexus3.bilibili.co/@vue/compiler-dom@3.4.19
      '@vue/shared': nexus3.bilibili.co/@vue/shared@3.4.19
    dev: false

  nexus3.bilibili.co/@vue/reactivity@3.4.19:
    resolution: {integrity: sha512-+VcwrQvLZgEclGZRHx4O2XhyEEcKaBi50WbxdVItEezUf4fqRh838Ix6amWTdX0CNb/b6t3Gkz3eOebfcSt+UA==, registry: http://registry.npm.bilibili.co/, tarball: https://nexus3.bilibili.co/repository/npm-public/@vue/reactivity/-/reactivity-3.4.19.tgz}
    name: '@vue/reactivity'
    version: 3.4.19
    dependencies:
      '@vue/shared': nexus3.bilibili.co/@vue/shared@3.4.19
    dev: false

  nexus3.bilibili.co/@vue/runtime-core@3.4.19:
    resolution: {integrity: sha512-/Z3tFwOrerJB/oyutmJGoYbuoadphDcJAd5jOuJE86THNZji9pYjZroQ2NFsZkTxOq0GJbb+s2kxTYToDiyZzw==, registry: http://registry.npm.bilibili.co/, tarball: https://nexus3.bilibili.co/repository/npm-public/@vue/runtime-core/-/runtime-core-3.4.19.tgz}
    name: '@vue/runtime-core'
    version: 3.4.19
    dependencies:
      '@vue/reactivity': nexus3.bilibili.co/@vue/reactivity@3.4.19
      '@vue/shared': nexus3.bilibili.co/@vue/shared@3.4.19
    dev: false

  nexus3.bilibili.co/@vue/runtime-dom@3.4.19:
    resolution: {integrity: sha512-IyZzIDqfNCF0OyZOauL+F4yzjMPN2rPd8nhqPP2N1lBn3kYqJpPHHru+83Rkvo2lHz5mW+rEeIMEF9qY3PB94g==, registry: http://registry.npm.bilibili.co/, tarball: https://nexus3.bilibili.co/repository/npm-public/@vue/runtime-dom/-/runtime-dom-3.4.19.tgz}
    name: '@vue/runtime-dom'
    version: 3.4.19
    dependencies:
      '@vue/runtime-core': nexus3.bilibili.co/@vue/runtime-core@3.4.19
      '@vue/shared': nexus3.bilibili.co/@vue/shared@3.4.19
      csstype: nexus3.bilibili.co/csstype@3.1.3
    dev: false

  nexus3.bilibili.co/@vue/server-renderer@3.4.19(vue@3.4.19):
    resolution: {integrity: sha512-eAj2p0c429RZyyhtMRnttjcSToch+kTWxFPHlzGMkR28ZbF1PDlTcmGmlDxccBuqNd9iOQ7xPRPAGgPVj+YpQw==, registry: http://registry.npm.bilibili.co/, tarball: https://nexus3.bilibili.co/repository/npm-public/@vue/server-renderer/-/server-renderer-3.4.19.tgz}
    id: nexus3.bilibili.co/@vue/server-renderer/3.4.19
    name: '@vue/server-renderer'
    version: 3.4.19
    peerDependencies:
      vue: 3.4.19
    dependencies:
      '@vue/compiler-ssr': nexus3.bilibili.co/@vue/compiler-ssr@3.4.19
      '@vue/shared': nexus3.bilibili.co/@vue/shared@3.4.19
      vue: nexus3.bilibili.co/vue@3.4.19
    dev: false

  nexus3.bilibili.co/@vue/shared@3.4.19:
    resolution: {integrity: sha512-/KliRRHMF6LoiThEy+4c1Z4KB/gbPrGjWwJR+crg2otgrf/egKzRaCPvJ51S5oetgsgXLfc4Rm5ZgrKHZrtMSw==, registry: http://registry.npm.bilibili.co/, tarball: https://nexus3.bilibili.co/repository/npm-public/@vue/shared/-/shared-3.4.19.tgz}
    name: '@vue/shared'
    version: 3.4.19
    dev: false

  nexus3.bilibili.co/csstype@3.1.3:
    resolution: {integrity: sha512-M1uQkMl8rQK/szD0LNhtqxIPLpimGm8sOBwU7lLnCpSbTyY3yeU1Vc7l4KT5zT4s/yOxHH5O7tIuuLOCnLADRw==, registry: http://registry.npm.bilibili.co/, tarball: https://nexus3.bilibili.co/repository/npm-public/csstype/-/csstype-3.1.3.tgz}
    name: csstype
    version: 3.1.3
    dev: false

  nexus3.bilibili.co/entities@4.5.0:
    resolution: {integrity: sha512-V0hjH4dGPh9Ao5p0MoRY6BVqtwCjhz6vI5LT8AJ55H+4g9/4vbHx1I54fS0XuclLhDHArPQCiMjDxjaL8fPxhw==, registry: http://registry.npm.bilibili.co/, tarball: https://nexus3.bilibili.co/repository/npm-public/entities/-/entities-4.5.0.tgz}
    name: entities
    version: 4.5.0
    engines: {node: '>=0.12'}
    dev: false

  nexus3.bilibili.co/estree-walker@2.0.2:
    resolution: {integrity: sha512-Rfkk/Mp/DL7JVje3u18FxFujQlTNR2q6QfMSMB7AvCBx91NGj/ba3kCfza0f6dVDbw7YlRf/nDrn7pQrCCyQ/w==, registry: http://registry.npm.bilibili.co/, tarball: https://nexus3.bilibili.co/repository/npm-public/estree-walker/-/estree-walker-2.0.2.tgz}
    name: estree-walker
    version: 2.0.2
    dev: false

  nexus3.bilibili.co/js-tokens@4.0.0:
    resolution: {integrity: sha512-RdJUflcE3cUzKiMqQgsCu06FPu9UdIJO0beYbPhHN4k6apgJtifcoCtT9bcxOpYBtpD2kCM6Sbzg4CausW/PKQ==, registry: http://registry.npm.bilibili.co/, tarball: https://nexus3.bilibili.co/repository/npm-public/js-tokens/-/js-tokens-4.0.0.tgz}
    name: js-tokens
    version: 4.0.0
    dev: false

  nexus3.bilibili.co/loose-envify@1.4.0:
    resolution: {integrity: sha512-lyuxPGr/Wfhrlem2CL/UcnUc1zcqKAImBDzukY7Y5F/yQiNdko6+fRLevlw1HgMySw7f611UIY408EtxRSoK3Q==, registry: http://registry.npm.bilibili.co/, tarball: https://nexus3.bilibili.co/repository/npm-public/loose-envify/-/loose-envify-1.4.0.tgz}
    name: loose-envify
    version: 1.4.0
    hasBin: true
    dependencies:
      js-tokens: nexus3.bilibili.co/js-tokens@4.0.0
    dev: false

  nexus3.bilibili.co/magic-string@0.30.7:
    resolution: {integrity: sha512-8vBuFF/I/+OSLRmdf2wwFCJCz+nSn0m6DPvGH1fS/KiQoSaR+sETbov0eIk9KhEKy8CYqIkIAnbohxT/4H0kuA==, registry: http://registry.npm.bilibili.co/, tarball: https://nexus3.bilibili.co/repository/npm-public/magic-string/-/magic-string-0.30.7.tgz}
    name: magic-string
    version: 0.30.7
    engines: {node: '>=12'}
    dependencies:
      '@jridgewell/sourcemap-codec': nexus3.bilibili.co/@jridgewell/sourcemap-codec@1.4.15
    dev: false

  nexus3.bilibili.co/nanoid@3.3.7:
    resolution: {integrity: sha512-eSRppjcPIatRIMC1U6UngP8XFcz8MQWGQdt1MTBQ7NaAmvXDfvNxbvWV3x2y6CdEUciCSsDHDQZbhYaB8QEo2g==, registry: http://registry.npm.bilibili.co/, tarball: https://nexus3.bilibili.co/repository/npm-public/nanoid/-/nanoid-3.3.7.tgz}
    name: nanoid
    version: 3.3.7
    engines: {node: ^10 || ^12 || ^13.7 || ^14 || >=15.0.1}
    hasBin: true
    dev: false

  nexus3.bilibili.co/picocolors@1.0.0:
    resolution: {integrity: sha512-1fygroTLlHu66zi26VoTDv8yRgm0Fccecssto+MhsZ0D/DGW2sm8E8AjW7NU5VVTRt5GxbeZ5qBuJr+HyLYkjQ==, registry: http://registry.npm.bilibili.co/, tarball: https://nexus3.bilibili.co/repository/npm-public/picocolors/-/picocolors-1.0.0.tgz}
    name: picocolors
    version: 1.0.0
    dev: false

  nexus3.bilibili.co/postcss@8.4.35:
    resolution: {integrity: sha512-u5U8qYpBCpN13BsiEB0CbR1Hhh4Gc0zLFuedrHJKMctHCHAGrMdG0PRM/KErzAL3CU6/eckEtmHNB3x6e3c0vA==, registry: http://registry.npm.bilibili.co/, tarball: https://nexus3.bilibili.co/repository/npm-public/postcss/-/postcss-8.4.35.tgz}
    name: postcss
    version: 8.4.35
    engines: {node: ^10 || ^12 || >=14}
    dependencies:
      nanoid: nexus3.bilibili.co/nanoid@3.3.7
      picocolors: nexus3.bilibili.co/picocolors@1.0.0
      source-map-js: nexus3.bilibili.co/source-map-js@1.0.2
    dev: false

  nexus3.bilibili.co/react-dom@18.2.0(react@18.2.0):
    resolution: {integrity: sha512-6IMTriUmvsjHUjNtEDudZfuDQUoWXVxKHhlEGSk81n4YFS+r/Kl99wXiwlVXtPBtJenozv2P+hxDsw9eA7Xo6g==, registry: http://registry.npm.bilibili.co/, tarball: https://nexus3.bilibili.co/repository/npm-public/react-dom/-/react-dom-18.2.0.tgz}
    id: nexus3.bilibili.co/react-dom/18.2.0
    name: react-dom
    version: 18.2.0
    peerDependencies:
      react: ^18.2.0
    dependencies:
      loose-envify: nexus3.bilibili.co/loose-envify@1.4.0
      react: nexus3.bilibili.co/react@18.2.0
      scheduler: nexus3.bilibili.co/scheduler@0.23.0
    dev: false

  nexus3.bilibili.co/react-router-dom@6.22.1(react-dom@18.2.0)(react@18.2.0):
    resolution: {integrity: sha512-iwMyyyrbL7zkKY7MRjOVRy+TMnS/OPusaFVxM2P11x9dzSzGmLsebkCvYirGq0DWB9K9hOspHYYtDz33gE5Duw==, registry: http://registry.npm.bilibili.co/, tarball: https://nexus3.bilibili.co/repository/npm-public/react-router-dom/-/react-router-dom-6.22.1.tgz}
    id: nexus3.bilibili.co/react-router-dom/6.22.1
    name: react-router-dom
    version: 6.22.1
    engines: {node: '>=14.0.0'}
    peerDependencies:
      react: '>=16.8'
      react-dom: '>=16.8'
    dependencies:
      '@remix-run/router': nexus3.bilibili.co/@remix-run/router@1.15.1
      react: nexus3.bilibili.co/react@18.2.0
      react-dom: nexus3.bilibili.co/react-dom@18.2.0(react@18.2.0)
      react-router: nexus3.bilibili.co/react-router@6.22.1(react@18.2.0)
    dev: false

  nexus3.bilibili.co/react-router@6.22.1(react@18.2.0):
    resolution: {integrity: sha512-0pdoRGwLtemnJqn1K0XHUbnKiX0S4X8CgvVVmHGOWmofESj31msHo/1YiqcJWK7Wxfq2a4uvvtS01KAQyWK/CQ==, registry: http://registry.npm.bilibili.co/, tarball: https://nexus3.bilibili.co/repository/npm-public/react-router/-/react-router-6.22.1.tgz}
    id: nexus3.bilibili.co/react-router/6.22.1
    name: react-router
    version: 6.22.1
    engines: {node: '>=14.0.0'}
    peerDependencies:
      react: '>=16.8'
    dependencies:
      '@remix-run/router': nexus3.bilibili.co/@remix-run/router@1.15.1
      react: nexus3.bilibili.co/react@18.2.0
    dev: false

  nexus3.bilibili.co/react@18.2.0:
    resolution: {integrity: sha512-/3IjMdb2L9QbBdWiW5e3P2/npwMBaU9mHCSCUzNln0ZCYbcfTsGbTJrU/kGemdH2IWmB2ioZ+zkxtmq6g09fGQ==, registry: http://registry.npm.bilibili.co/, tarball: https://nexus3.bilibili.co/repository/npm-public/react/-/react-18.2.0.tgz}
    name: react
    version: 18.2.0
    engines: {node: '>=0.10.0'}
    dependencies:
      loose-envify: nexus3.bilibili.co/loose-envify@1.4.0
    dev: false

  nexus3.bilibili.co/scheduler@0.23.0:
    resolution: {integrity: sha512-CtuThmgHNg7zIZWAXi3AsyIzA3n4xx7aNyjwC2VJldO2LMVDhFK+63xGqq6CsJH4rTAt6/M+N4GhZiDYPx9eUw==, registry: http://registry.npm.bilibili.co/, tarball: https://nexus3.bilibili.co/repository/npm-public/scheduler/-/scheduler-0.23.0.tgz}
    name: scheduler
    version: 0.23.0
    dependencies:
      loose-envify: nexus3.bilibili.co/loose-envify@1.4.0
    dev: false

  nexus3.bilibili.co/source-map-js@1.0.2:
    resolution: {integrity: sha512-R0XvVJ9WusLiqTCEiGCmICCMplcCkIwwR11mOSD9CR5u+IXYdiseeEuXCVAjS54zqwkLcPNnmU4OeJ6tUrWhDw==, registry: http://registry.npm.bilibili.co/, tarball: https://nexus3.bilibili.co/repository/npm-public/source-map-js/-/source-map-js-1.0.2.tgz}
    name: source-map-js
    version: 1.0.2
    engines: {node: '>=0.10.0'}
    dev: false

  nexus3.bilibili.co/to-fast-properties@2.0.0:
    resolution: {integrity: sha512-/OaKK0xYrs3DmxRYqL/yDc+FxFUVYhDlXMhRmv3z915w2HF1tnN1omB354j8VUGO/hbRzyD6Y3sA7v7GS/ceog==, registry: http://registry.npm.bilibili.co/, tarball: https://nexus3.bilibili.co/repository/npm-public/to-fast-properties/-/to-fast-properties-2.0.0.tgz}
    name: to-fast-properties
    version: 2.0.0
    engines: {node: '>=4'}
    dev: false

  nexus3.bilibili.co/vue@3.4.19:
    resolution: {integrity: sha512-W/7Fc9KUkajFU8dBeDluM4sRGc/aa4YJnOYck8dkjgZoXtVsn3OeTGni66FV1l3+nvPA7VBFYtPioaGKUmEADw==, registry: http://registry.npm.bilibili.co/, tarball: https://nexus3.bilibili.co/repository/npm-public/vue/-/vue-3.4.19.tgz}
    name: vue
    version: 3.4.19
    peerDependencies:
      typescript: '*'
    peerDependenciesMeta:
      typescript:
        optional: true
    dependencies:
      '@vue/compiler-dom': nexus3.bilibili.co/@vue/compiler-dom@3.4.19
      '@vue/compiler-sfc': nexus3.bilibili.co/@vue/compiler-sfc@3.4.19
      '@vue/runtime-dom': nexus3.bilibili.co/@vue/runtime-dom@3.4.19
      '@vue/server-renderer': nexus3.bilibili.co/@vue/server-renderer@3.4.19(vue@3.4.19)
      '@vue/shared': nexus3.bilibili.co/@vue/shared@3.4.19
    dev: false
