# THIS IS AN AUTOGENERATED FILE. DO NOT EDIT THIS FILE DIRECTLY.
# yarn lockfile v1


"@remix-run/router@1.15.1":
  version "1.15.1"
  resolved "https://registry.yarnpkg.com/@remix-run/router/-/router-1.15.1.tgz#221fd31a65186b9bc027b74573485fb3226dff7f"
  integrity sha512-zcU0gM3z+3iqj8UX45AmWY810l3oUmXM7uH4dt5xtzvMhRtYVhKGOmgOd1877dOPPepfCjUv57w+syamWIYe7w==

"js-tokens@^3.0.0 || ^4.0.0":
  version "4.0.0"
  resolved "https://registry.yarnpkg.com/js-tokens/-/js-tokens-4.0.0.tgz#19203fb59991df98e3a287050d4647cdeaf32499"
  integrity sha512-RdJUflcE3cUzKiMqQgsCu06FPu9UdIJO0beYbPhHN4k6apgJtifcoCtT9bcxOpYBtpD2kCM6Sbzg4CausW/PKQ==

loose-envify@^1.1.0:
  version "1.4.0"
  resolved "https://registry.yarnpkg.com/loose-envify/-/loose-envify-1.4.0.tgz#71ee51fa7be4caec1a63839f7e682d8132d30caf"
  integrity sha512-lyuxPGr/Wfhrlem2CL/UcnUc1zcqKAImBDzukY7Y5F/yQiNdko6+fRLevlw1HgMySw7f611UIY408EtxRSoK3Q==
  dependencies:
    js-tokens "^3.0.0 || ^4.0.0"

react-router-dom@^6.22.1:
  version "6.22.1"
  resolved "https://registry.yarnpkg.com/react-router-dom/-/react-router-dom-6.22.1.tgz#cfa109d4b6b0a4d00bac179bc0ad2a6469455282"
  integrity sha512-iwMyyyrbL7zkKY7MRjOVRy+TMnS/OPusaFVxM2P11x9dzSzGmLsebkCvYirGq0DWB9K9hOspHYYtDz33gE5Duw==
  dependencies:
    "@remix-run/router" "1.15.1"
    react-router "6.22.1"

react-router@6.22.1:
  version "6.22.1"
  resolved "https://registry.yarnpkg.com/react-router/-/react-router-6.22.1.tgz#a5ff849bfe709438f7e139421bb28138209662c7"
  integrity sha512-0pdoRGwLtemnJqn1K0XHUbnKiX0S4X8CgvVVmHGOWmofESj31msHo/1YiqcJWK7Wxfq2a4uvvtS01KAQyWK/CQ==
  dependencies:
    "@remix-run/router" "1.15.1"

react@^18.2.0:
  version "18.2.0"
  resolved "https://registry.yarnpkg.com/react/-/react-18.2.0.tgz#555bd98592883255fa00de14f1151a917b5d77d5"
  integrity sha512-/3IjMdb2L9QbBdWiW5e3P2/npwMBaU9mHCSCUzNln0ZCYbcfTsGbTJrU/kGemdH2IWmB2ioZ+zkxtmq6g09fGQ==
  dependencies:
    loose-envify "^1.1.0"
